{
   "name": "@grakkit/server-classes",
   "version": "1.0.3",
   "lockfileVersion": 2,
   "requires": true,
   "packages": {
      "": {
         "name": "@grakkit/server-classes",
         "version": "1.0.3",
         "dependencies": {
            "@grakkit/core-classes": "1.0.1"
         }
      },
      "node_modules/@grakkit/core-classes": {
         "version": "1.0.1",
         "resolved": "https://registry.npmjs.org/@grakkit/core-classes/-/core-classes-1.0.1.tgz",
         "integrity": "sha512-DCcoR594x50Gr336GhxYX/C+flcZPGRDj/MG4s+G6os8q4tgjM5EEFeriQ9rxttzqkTxPDsrrErTI97+h2in1w=="
      }
   },
   "dependencies": {
      "@grakkit/core-classes": {
         "version": "1.0.1",
         "resolved": "https://registry.npmjs.org/@grakkit/core-classes/-/core-classes-1.0.1.tgz",
         "integrity": "sha512-DCcoR594x50Gr336GhxYX/C+flcZPGRDj/MG4s+G6os8q4tgjM5EEFeriQ9rxttzqkTxPDsrrErTI97+h2in1w=="
      }
   }
}
